{
  "name": "heiyanquan-handbook",
  "version": "1.0.0",
  "lockfileVersion": 1,
  "requires": true,
  "dependencies": {
    "argparse": {
      "version": "0.1.16",
      "resolved": "https://registry.npmjs.org/argparse/-/argparse-0.1.16.tgz",
      "integrity": "sha512-LjmC2dNpdn2L4UzyoaIr11ELYoLn37ZFy9zObrQFHsSuOepeUEMKnM8w5KL4Tnrp2gy88rRuQt6Ky8Bjml+Baw==",
      "requires": {
        "underscore": "1.7.0",
        "underscore.string": "2.4.0"
      }
    },
    "autolinker": {
      "version": "0.15.3",
      "resolved": "https://registry.npmjs.org/autolinker/-/autolinker-0.15.3.tgz",
      "integrity": "sha512-mCyPIctUTUl324as6lCXFOkntxzZfVsKCCjivm0tlkig9GTUJ7Ap/TreIqeYyyJcrddro5g0a5cRnM/4pzfJgw=="
    },
    "gitbook-plugin-back-to-top-button": {
      "version": "0.1.4",
      "resolved": "https://registry.npmjs.org/gitbook-plugin-back-to-top-button/-/gitbook-plugin-back-to-top-button-0.1.4.tgz",
      "integrity": "sha512-B97MdUp4YhNkSmEc1v+5E21nRaI+ppNKjz2oZelZ8DTuumOMe/e0QizXC2ymxO8iYPkWuaqzaeGedHpxRq/Yhw=="
    },
    "gitbook-plugin-code": {
      "version": "0.1.0",
      "resolved": "https://registry.npmjs.org/gitbook-plugin-code/-/gitbook-plugin-code-0.1.0.tgz",
      "integrity": "sha512-TE8CUFlN7da4SiN2LYx8qk+FX5w2O2IicEcn48sPTpA8gj9qKQqpYpGEdwgsDEev11shEjCZhDwFN//GQ7bdnA=="
    },
    "gitbook-plugin-expandable-chapters-small": {
      "version": "0.1.7",
      "resolved": "https://registry.npmjs.org/gitbook-plugin-expandable-chapters-small/-/gitbook-plugin-expandable-chapters-small-0.1.7.tgz",
      "integrity": "sha512-bgmPN6AtXqFXH1q9HgWRHJbx0OXS3nuCU8gLgWEARz8adbFaW0p98NTCX3CaEuYTuU3t/UYWASAjQqI+zpCdng=="
    },
    "gitbook-plugin-flexible-alerts": {
      "version": "1.0.4",
      "resolved": "https://registry.npmjs.org/gitbook-plugin-flexible-alerts/-/gitbook-plugin-flexible-alerts-1.0.4.tgz",
      "integrity": "sha512-1Cm2nVwSMjSHln/880w0m6jN2BTQCrlHIyWaJih+iVGRlqqUNuTqLRksmyDOtJhFoV7+6ja2NVj0JYV39q/aWQ=="
    },
    "gitbook-plugin-github": {
      "version": "2.0.0",
      "resolved": "https://registry.npmjs.org/gitbook-plugin-github/-/gitbook-plugin-github-2.0.0.tgz",
      "integrity": "sha512-TDGQgdC5vFGEqn533SDf/8AV+VagxhGIUyCZAq0EqwkyS1F73lCl7w9l8UWDd2me7Sq9L3zcr7RaJ6FjSFAo7w=="
    },
    "gitbook-plugin-hide-element": {
      "version": "0.0.4",
      "resolved": "https://registry.npmjs.org/gitbook-plugin-hide-element/-/gitbook-plugin-hide-element-0.0.4.tgz",
      "integrity": "sha512-EHlhMdFAIWf73clRjT7lyuAA0qfP61K4CLzqzQYBzQJjdYlB5lVd4ymMWo+TIAXXei/WMdOTaJOUm4ThqS9vgA=="
    },
    "gitbook-plugin-insert-logo": {
      "version": "0.1.5",
      "resolved": "https://registry.npmjs.org/gitbook-plugin-insert-logo/-/gitbook-plugin-insert-logo-0.1.5.tgz",
      "integrity": "sha512-W8xLlchSbV2rZIfc10PmJS8SfzPzbkfTs8CZicx8LZkiEKcSE2vJ6FMY3ZGkTuDt0TVYJmSxVmk9xLX237RDgg=="
    },
    "gitbook-plugin-page-toc-button": {
      "version": "0.1.1",
      "resolved": "https://registry.npmjs.org/gitbook-plugin-page-toc-button/-/gitbook-plugin-page-toc-button-0.1.1.tgz",
      "integrity": "sha512-htlxoEWhPkKze4W8xaWJ6KmC95e706dEVH06dKQSmgMEXzfovtxW67PxDwy78f0JB4z1B/3ZkaEoFmbWazAMow=="
    },
    "gitbook-plugin-page-treeview": {
      "version": "3.0.6",
      "resolved": "https://registry.npmjs.org/gitbook-plugin-page-treeview/-/gitbook-plugin-page-treeview-3.0.6.tgz",
      "integrity": "sha512-531n1KG2IbBvuRkIwsi87/QXQEIVF6Ww2ou2Xbo9togR49PW3Zu2dysZn+5E3Yd+106+6U8G++KI0gPobPPcNw==",
      "requires": {
        "marked": "1.2.7",
        "node-html-parser": "1.2.20",
        "remarkable": "1.6.2"
      }
    },
    "gitbook-plugin-search-pro2": {
      "version": "1.0.2",
      "resolved": "https://registry.npmjs.org/gitbook-plugin-search-pro2/-/gitbook-plugin-search-pro2-1.0.2.tgz",
      "integrity": "sha512-1eeqVIToQnbjXxIpDPfd86vaZLWP43WKZCKzxqzWGaAQCgNb8obn7VX6Kw1xM3tdaHsOoe9m5+UeorxH60lpOA==",
      "requires": {
        "html-entities": "1.2.0"
      }
    },
    "he": {
      "version": "1.1.1",
      "resolved": "https://registry.npmjs.org/he/-/he-1.1.1.tgz",
      "integrity": "sha512-z/GDPjlRMNOa2XJiB4em8wJpuuBfrFOlYKTZxtpkdr1uPdibHI8rYA3MY0KDObpVyaes0e/aunid/t88ZI2EKA=="
    },
    "html-entities": {
      "version": "1.2.0",
      "resolved": "https://registry.npmjs.org/html-entities/-/html-entities-1.2.0.tgz",
      "integrity": "sha512-0md7tlUUyb0BEQGsZzbqty1CgV6RESOoxdivt94AScqhBhYsPCCQCOaGvur/RospMjYpPJ7iFe3zw4Bu4SVA8g=="
    },
    "marked": {
      "version": "1.2.7",
      "resolved": "https://registry.npmjs.org/marked/-/marked-1.2.7.tgz",
      "integrity": "sha512-No11hFYcXr/zkBvL6qFmAp1z6BKY3zqLMHny/JN/ey+al7qwCM2+CMBL9BOgqMxZU36fz4cCWfn2poWIf7QRXA=="
    },
    "node-html-parser": {
      "version": "1.2.20",
      "resolved": "https://registry.npmjs.org/node-html-parser/-/node-html-parser-1.2.20.tgz",
      "integrity": "sha512-1fUpYjAducDrrBSE0etRUV1tM+wSFTudmrslMXuk35wL/L29E7e1CLQn4CNzFLnqtYpmDlWhkD6VUloyHA0dwA==",
      "requires": {
        "he": "1.1.1"
      }
    },
    "pnpm": {
      "version": "8.10.2",
      "resolved": "https://registry.npmjs.org/pnpm/-/pnpm-8.10.2.tgz",
      "integrity": "sha512-B4IJPVumx62UYggbwe8HdQFqS0EJ7KHh/tzqbxEBQ69fUJk9s2xCfU+oxivjkgoyJNsS2nGdJGyhndnxgEjDPA=="
    },
    "remarkable": {
      "version": "1.6.2",
      "resolved": "https://registry.npmjs.org/remarkable/-/remarkable-1.6.2.tgz",
      "integrity": "sha512-gZqJp3+zRkXScqlMOWD1GMujYtCvSGUvBXAQRcUvQcoW3EPitHAVJK2OxRgmVOMaU8rKQR7/xDkCjgawsz5fPQ==",
      "requires": {
        "argparse": "0.1.16",
        "autolinker": "0.15.3"
      }
    },
    "underscore": {
      "version": "1.7.0",
      "resolved": "https://registry.npmjs.org/underscore/-/underscore-1.7.0.tgz",
      "integrity": "sha512-cp0oQQyZhUM1kpJDLdGO1jPZHgS/MpzoWYfe9+CM2h/QGDZlqwT2T3YGukuBdaNJ/CAPoeyAZRRHz8JFo176vA=="
    },
    "underscore.string": {
      "version": "2.4.0",
      "resolved": "https://registry.npmjs.org/underscore.string/-/underscore.string-2.4.0.tgz",
      "integrity": "sha512-yxkabuCaIBnzfIvX3kBxQqCs0ar/bfJwDnFEHJUm/ZrRVhT3IItdRF5cZjARLzEnyQYtIUhsZ2LG2j3HidFOFQ=="
    }
  }
}
